Microsoft Visual Studio Solution File, Format Version 12.00
# cTrader Ouroboros cBot
Project("{FAE04EC0-301F-11D3-BF4B-00C04F79EFBC}") = "Ouroboros", "Ouroboros\Ouroboros.csproj", "{A1B2C3D4-E5F6-4789-9012-345678901234}"
EndProject
Global
	GlobalSection(SolutionConfigurationPlatforms) = preSolution
		Debug|AnyCPU = Debug|AnyCPU
		Release|AnyCPU = Release|AnyCPU
	EndGlobalSection
	GlobalSection(ProjectConfigurationPlatforms) = postSolution
		{A1B2C3D4-E5F6-4789-9012-345678901234}.Debug|AnyCPU.ActiveCfg = Debug|AnyCPU
		{A1B2C3D4-E5F6-4789-9012-345678901234}.Debug|AnyCPU.Build.0 = Debug|AnyCPU
		{A1B2C3D4-E5F6-4789-9012-345678901234}.Release|AnyCPU.ActiveCfg = Release|AnyCPU
		{A1B2C3D4-E5F6-4789-9012-345678901234}.Release|AnyCPU.Build.0 = Release|AnyCPU
	EndGlobalSection
EndGlobal
